
Microsoft Visual Studio Solution File, Format Version 12.00
# Visual Studio Version 17
VisualStudioVersion = 17.1.32210.238
MinimumVisualStudioVersion = 10.0.40219.1
Project("{9A19103F-16F7-4668-BE54-9A1E7A4F7556}") = "Scala.Vergaderingen.Wpf", "Scala.Vergaderingen.Wpf\Scala.Vergaderingen.Wpf.csproj", "{5ADF3D52-0BD5-420B-9761-4624184D4F03}"
EndProject
Global
	GlobalSection(SolutionConfigurationPlatforms) = preSolution
		Debug|Any CPU = Debug|Any CPU
		Release|Any CPU = Release|Any CPU
	EndGlobalSection
	GlobalSection(ProjectConfigurationPlatforms) = postSolution
		{5ADF3D52-0BD5-420B-9761-4624184D4F03}.Debug|Any CPU.ActiveCfg = Debug|Any CPU
		{5ADF3D52-0BD5-420B-9761-4624184D4F03}.Debug|Any CPU.Build.0 = Debug|Any CPU
		{5ADF3D52-0BD5-420B-9761-4624184D4F03}.Release|Any CPU.ActiveCfg = Release|Any CPU
		{5ADF3D52-0BD5-420B-9761-4624184D4F03}.Release|Any CPU.Build.0 = Release|Any CPU
	EndGlobalSection
	GlobalSection(SolutionProperties) = preSolution
		HideSolutionNode = FALSE
	EndGlobalSection
	GlobalSection(ExtensibilityGlobals) = postSolution
		SolutionGuid = {2F9E800D-3E69-42F3-A6E8-BE3905414862}
	EndGlobalSection
EndGlobal
